
Microsoft Visual Studio Solution File, Format Version 12.00
# Visual Studio Version 17
VisualStudioVersion = 17.5.33516.290
MinimumVisualStudioVersion = 10.0.40219.1
Project("{FAE04EC0-301F-11D3-BF4B-00C04F79EFBC}") = "PERGUNTA2", "PERGUNTA2\PERGUNTA2.csproj", "{6CB798AA-D8C0-4E69-BAFF-7A96741E9198}"
EndProject
Project("{FAE04EC0-301F-11D3-BF4B-00C04F79EFBC}") = "PERGUNTA5", "PERGUNTA5\PERGUNTA5.csproj", "{8055B9DB-19AE-4E76-8905-5196081BE3D6}"
EndProject
Global
	GlobalSection(SolutionConfigurationPlatforms) = preSolution
		Debug|Any CPU = Debug|Any CPU
		Release|Any CPU = Release|Any CPU
	EndGlobalSection
	GlobalSection(ProjectConfigurationPlatforms) = postSolution
		{6CB798AA-D8C0-4E69-BAFF-7A96741E9198}.Debug|Any CPU.ActiveCfg = Debug|Any CPU
		{6CB798AA-D8C0-4E69-BAFF-7A96741E9198}.Debug|Any CPU.Build.0 = Debug|Any CPU
		{6CB798AA-D8C0-4E69-BAFF-7A96741E9198}.Release|Any CPU.ActiveCfg = Release|Any CPU
		{6CB798AA-D8C0-4E69-BAFF-7A96741E9198}.Release|Any CPU.Build.0 = Release|Any CPU
		{8055B9DB-19AE-4E76-8905-5196081BE3D6}.Debug|Any CPU.ActiveCfg = Debug|Any CPU
		{8055B9DB-19AE-4E76-8905-5196081BE3D6}.Debug|Any CPU.Build.0 = Debug|Any CPU
		{8055B9DB-19AE-4E76-8905-5196081BE3D6}.Release|Any CPU.ActiveCfg = Release|Any CPU
		{8055B9DB-19AE-4E76-8905-5196081BE3D6}.Release|Any CPU.Build.0 = Release|Any CPU
	EndGlobalSection
	GlobalSection(SolutionProperties) = preSolution
		HideSolutionNode = FALSE
	EndGlobalSection
	GlobalSection(ExtensibilityGlobals) = postSolution
		SolutionGuid = {E66E476E-5D7A-4966-A730-0B3AFD81DAAD}
	EndGlobalSection
EndGlobal
